<?xml version="1.0" encoding="utf-8"?>
<Project ToolsVersion="17.0" xmlns="http://schemas.microsoft.com/developer/msbuild/2003">
  <ItemGroup>
    <ClCompile Include="C:\Users\Barynonyx7\Documents\GitHub\Monopoly-Junior\main.cpp">
      <Filter>Source Files</Filter>
    </ClCompile>
    <ClCompile Include="C:\Users\Barynonyx7\Documents\GitHub\Monopoly-Junior\src\Cases.cpp">
      <Filter>Source Files</Filter>
    </ClCompile>
    <ClCompile Include="C:\Users\Barynonyx7\Documents\GitHub\Monopoly-Junior\src\linked_list\LinkedList.cpp">
      <Filter>Source Files</Filter>
    </ClCompile>
  </ItemGroup>
  <ItemGroup>
    <ClInclude Include="C:\Users\Barynonyx7\Documents\GitHub\Monopoly-Junior\src\Cases.h">
      <Filter>Header Files</Filter>
    </ClInclude>
    <ClInclude Include="C:\Users\Barynonyx7\Documents\GitHub\Monopoly-Junior\src\Couleurs.h">
      <Filter>Header Files</Filter>
    </ClInclude>
    <ClInclude Include="C:\Users\Barynonyx7\Documents\GitHub\Monopoly-Junior\src\Carte.h">
      <Filter>Header Files</Filter>
    </ClInclude>
    <ClInclude Include="C:\Users\Barynonyx7\Documents\GitHub\Monopoly-Junior\src\rtti.hpp">
      <Filter>Header Files</Filter>
    </ClInclude>
    <ClInclude Include="C:\Users\Barynonyx7\Documents\GitHub\Monopoly-Junior\src\linked_list\LinkedList.h">
      <Filter>Header Files</Filter>
    </ClInclude>
    <ClInclude Include="C:\Users\Barynonyx7\Documents\GitHub\Monopoly-Junior\src\linked_list\Link.h">
      <Filter>Header Files</Filter>
    </ClInclude>
  </ItemGroup>
  <ItemGroup>
    <CustomBuild Include="C:\Users\Barynonyx7\Documents\GitHub\Monopoly-Junior\CMakeLists.txt" />
  </ItemGroup>
  <ItemGroup>
    <Filter Include="Header Files">
      <UniqueIdentifier>{E7F361DF-6AF8-3347-9B28-424E535BF6C8}</UniqueIdentifier>
    </Filter>
    <Filter Include="Source Files">
      <UniqueIdentifier>{2FB1F233-78B7-3867-AD64-6154728620A1}</UniqueIdentifier>
    </Filter>
  </ItemGroup>
</Project>
